
Microsoft Visual Studio Solution File, Format Version 12.00
# Visual Studio 15
VisualStudioVersion = 15.0.28010.2050
MinimumVisualStudioVersion = 10.0.40219.1
Project("{FAE04EC0-301F-11D3-BF4B-00C04F79EFBC}") = "Day1", "Day1\Day1.csproj", "{8F26B48A-7124-4311-9F27-35EB8006B249}"
EndProject
Project("{FAE04EC0-301F-11D3-BF4B-00C04F79EFBC}") = "ConsoleApp1", "ConsoleApp1\ConsoleApp1.csproj", "{9C651D20-0521-4D12-B4B1-E7C3E22782C1}"
EndProject
Project("{FAE04EC0-301F-11D3-BF4B-00C04F79EFBC}") = "ConsoleApp2", "ConsoleApp2\ConsoleApp2.csproj", "{67CF6DAF-091B-4D8E-860F-62EFAA367019}"
EndProject
Project("{FAE04EC0-301F-11D3-BF4B-00C04F79EFBC}") = "ConsoleApp3", "ConsoleApp3\ConsoleApp3.csproj", "{49606691-B549-4408-890D-EE7A4569B776}"
EndProject
Project("{FAE04EC0-301F-11D3-BF4B-00C04F79EFBC}") = "ConsoleApp4", "ConsoleApp4\ConsoleApp4.csproj", "{FD6A6D89-4802-4271-8C16-4B0B0FFEA5E8}"
EndProject
Project("{FAE04EC0-301F-11D3-BF4B-00C04F79EFBC}") = "ConsoleApp5", "ConsoleApp5\ConsoleApp5.csproj", "{6A1E5A65-90D5-440C-AA40-AB332595B997}"
EndProject
Project("{FAE04EC0-301F-11D3-BF4B-00C04F79EFBC}") = "IsAsTest", "IsAsTest\IsAsTest.csproj", "{729D3C31-35C7-47F4-B2DB-3632CAB89433}"
EndProject
Project("{FAE04EC0-301F-11D3-BF4B-00C04F79EFBC}") = "ConsoleApp6", "ConsoleApp6\ConsoleApp6.csproj", "{8E961D49-7F4E-46B9-9478-7FC76D39CB37}"
EndProject
Project("{FAE04EC0-301F-11D3-BF4B-00C04F79EFBC}") = "ConsoleApp7", "ConsoleApp7\ConsoleApp7.csproj", "{E40FAB74-20B2-4F9C-B6B0-293BC75411EE}"
EndProject
Project("{FAE04EC0-301F-11D3-BF4B-00C04F79EFBC}") = "ConsoleApp8", "ConsoleApp8\ConsoleApp8.csproj", "{0ED715E4-A578-4ECF-8013-DF9BCD1B5D14}"
EndProject
Project("{FAE04EC0-301F-11D3-BF4B-00C04F79EFBC}") = "ConsoleApp9", "ConsoleApp9\ConsoleApp9.csproj", "{8BD7B82C-D7F6-4589-A7E0-28A3DCB08092}"
EndProject
Project("{FAE04EC0-301F-11D3-BF4B-00C04F79EFBC}") = "ConsoleApp10", "ConsoleApp10\ConsoleApp10.csproj", "{9EC4B09F-32C7-4F1F-A208-4EE3905DA10B}"
EndProject
Project("{FAE04EC0-301F-11D3-BF4B-00C04F79EFBC}") = "ConsoleApp11", "ConsoleApp11\ConsoleApp11.csproj", "{28B6DDB7-04BC-4B82-9AA7-E2A744B2FD20}"
EndProject
Project("{FAE04EC0-301F-11D3-BF4B-00C04F79EFBC}") = "ConsoleApp12", "ConsoleApp12\ConsoleApp12.csproj", "{57B961BC-D372-4CA2-8F1A-EC31041B8565}"
EndProject
Project("{FAE04EC0-301F-11D3-BF4B-00C04F79EFBC}") = "ArrayTest", "ArrayTest\ArrayTest.csproj", "{A24C6AD2-EE47-4EB0-94F1-56579921FD04}"
EndProject
Global
	GlobalSection(SolutionConfigurationPlatforms) = preSolution
		Debug|Any CPU = Debug|Any CPU
		Release|Any CPU = Release|Any CPU
	EndGlobalSection
	GlobalSection(ProjectConfigurationPlatforms) = postSolution
		{8F26B48A-7124-4311-9F27-35EB8006B249}.Debug|Any CPU.ActiveCfg = Debug|Any CPU
		{8F26B48A-7124-4311-9F27-35EB8006B249}.Debug|Any CPU.Build.0 = Debug|Any CPU
		{8F26B48A-7124-4311-9F27-35EB8006B249}.Release|Any CPU.ActiveCfg = Release|Any CPU
		{8F26B48A-7124-4311-9F27-35EB8006B249}.Release|Any CPU.Build.0 = Release|Any CPU
		{9C651D20-0521-4D12-B4B1-E7C3E22782C1}.Debug|Any CPU.ActiveCfg = Debug|Any CPU
		{9C651D20-0521-4D12-B4B1-E7C3E22782C1}.Debug|Any CPU.Build.0 = Debug|Any CPU
		{9C651D20-0521-4D12-B4B1-E7C3E22782C1}.Release|Any CPU.ActiveCfg = Release|Any CPU
		{9C651D20-0521-4D12-B4B1-E7C3E22782C1}.Release|Any CPU.Build.0 = Release|Any CPU
		{67CF6DAF-091B-4D8E-860F-62EFAA367019}.Debug|Any CPU.ActiveCfg = Debug|Any CPU
		{67CF6DAF-091B-4D8E-860F-62EFAA367019}.Debug|Any CPU.Build.0 = Debug|Any CPU
		{67CF6DAF-091B-4D8E-860F-62EFAA367019}.Release|Any CPU.ActiveCfg = Release|Any CPU
		{67CF6DAF-091B-4D8E-860F-62EFAA367019}.Release|Any CPU.Build.0 = Release|Any CPU
		{49606691-B549-4408-890D-EE7A4569B776}.Debug|Any CPU.ActiveCfg = Debug|Any CPU
		{49606691-B549-4408-890D-EE7A4569B776}.Debug|Any CPU.Build.0 = Debug|Any CPU
		{49606691-B549-4408-890D-EE7A4569B776}.Release|Any CPU.ActiveCfg = Release|Any CPU
		{49606691-B549-4408-890D-EE7A4569B776}.Release|Any CPU.Build.0 = Release|Any CPU
		{FD6A6D89-4802-4271-8C16-4B0B0FFEA5E8}.Debug|Any CPU.ActiveCfg = Debug|Any CPU
		{FD6A6D89-4802-4271-8C16-4B0B0FFEA5E8}.Debug|Any CPU.Build.0 = Debug|Any CPU
		{FD6A6D89-4802-4271-8C16-4B0B0FFEA5E8}.Release|Any CPU.ActiveCfg = Release|Any CPU
		{FD6A6D89-4802-4271-8C16-4B0B0FFEA5E8}.Release|Any CPU.Build.0 = Release|Any CPU
		{6A1E5A65-90D5-440C-AA40-AB332595B997}.Debug|Any CPU.ActiveCfg = Debug|Any CPU
		{6A1E5A65-90D5-440C-AA40-AB332595B997}.Debug|Any CPU.Build.0 = Debug|Any CPU
		{6A1E5A65-90D5-440C-AA40-AB332595B997}.Release|Any CPU.ActiveCfg = Release|Any CPU
		{6A1E5A65-90D5-440C-AA40-AB332595B997}.Release|Any CPU.Build.0 = Release|Any CPU
		{729D3C31-35C7-47F4-B2DB-3632CAB89433}.Debug|Any CPU.ActiveCfg = Debug|Any CPU
		{729D3C31-35C7-47F4-B2DB-3632CAB89433}.Debug|Any CPU.Build.0 = Debug|Any CPU
		{729D3C31-35C7-47F4-B2DB-3632CAB89433}.Release|Any CPU.ActiveCfg = Release|Any CPU
		{729D3C31-35C7-47F4-B2DB-3632CAB89433}.Release|Any CPU.Build.0 = Release|Any CPU
		{8E961D49-7F4E-46B9-9478-7FC76D39CB37}.Debug|Any CPU.ActiveCfg = Debug|Any CPU
		{8E961D49-7F4E-46B9-9478-7FC76D39CB37}.Debug|Any CPU.Build.0 = Debug|Any CPU
		{8E961D49-7F4E-46B9-9478-7FC76D39CB37}.Release|Any CPU.ActiveCfg = Release|Any CPU
		{8E961D49-7F4E-46B9-9478-7FC76D39CB37}.Release|Any CPU.Build.0 = Release|Any CPU
		{E40FAB74-20B2-4F9C-B6B0-293BC75411EE}.Debug|Any CPU.ActiveCfg = Debug|Any CPU
		{E40FAB74-20B2-4F9C-B6B0-293BC75411EE}.Debug|Any CPU.Build.0 = Debug|Any CPU
		{E40FAB74-20B2-4F9C-B6B0-293BC75411EE}.Release|Any CPU.ActiveCfg = Release|Any CPU
		{E40FAB74-20B2-4F9C-B6B0-293BC75411EE}.Release|Any CPU.Build.0 = Release|Any CPU
		{0ED715E4-A578-4ECF-8013-DF9BCD1B5D14}.Debug|Any CPU.ActiveCfg = Debug|Any CPU
		{0ED715E4-A578-4ECF-8013-DF9BCD1B5D14}.Debug|Any CPU.Build.0 = Debug|Any CPU
		{0ED715E4-A578-4ECF-8013-DF9BCD1B5D14}.Release|Any CPU.ActiveCfg = Release|Any CPU
		{0ED715E4-A578-4ECF-8013-DF9BCD1B5D14}.Release|Any CPU.Build.0 = Release|Any CPU
		{8BD7B82C-D7F6-4589-A7E0-28A3DCB08092}.Debug|Any CPU.ActiveCfg = Debug|Any CPU
		{8BD7B82C-D7F6-4589-A7E0-28A3DCB08092}.Debug|Any CPU.Build.0 = Debug|Any CPU
		{8BD7B82C-D7F6-4589-A7E0-28A3DCB08092}.Release|Any CPU.ActiveCfg = Release|Any CPU
		{8BD7B82C-D7F6-4589-A7E0-28A3DCB08092}.Release|Any CPU.Build.0 = Release|Any CPU
		{9EC4B09F-32C7-4F1F-A208-4EE3905DA10B}.Debug|Any CPU.ActiveCfg = Debug|Any CPU
		{9EC4B09F-32C7-4F1F-A208-4EE3905DA10B}.Debug|Any CPU.Build.0 = Debug|Any CPU
		{9EC4B09F-32C7-4F1F-A208-4EE3905DA10B}.Release|Any CPU.ActiveCfg = Release|Any CPU
		{9EC4B09F-32C7-4F1F-A208-4EE3905DA10B}.Release|Any CPU.Build.0 = Release|Any CPU
		{28B6DDB7-04BC-4B82-9AA7-E2A744B2FD20}.Debug|Any CPU.ActiveCfg = Debug|Any CPU
		{28B6DDB7-04BC-4B82-9AA7-E2A744B2FD20}.Debug|Any CPU.Build.0 = Debug|Any CPU
		{28B6DDB7-04BC-4B82-9AA7-E2A744B2FD20}.Release|Any CPU.ActiveCfg = Release|Any CPU
		{28B6DDB7-04BC-4B82-9AA7-E2A744B2FD20}.Release|Any CPU.Build.0 = Release|Any CPU
		{57B961BC-D372-4CA2-8F1A-EC31041B8565}.Debug|Any CPU.ActiveCfg = Debug|Any CPU
		{57B961BC-D372-4CA2-8F1A-EC31041B8565}.Debug|Any CPU.Build.0 = Debug|Any CPU
		{57B961BC-D372-4CA2-8F1A-EC31041B8565}.Release|Any CPU.ActiveCfg = Release|Any CPU
		{57B961BC-D372-4CA2-8F1A-EC31041B8565}.Release|Any CPU.Build.0 = Release|Any CPU
		{A24C6AD2-EE47-4EB0-94F1-56579921FD04}.Debug|Any CPU.ActiveCfg = Debug|Any CPU
		{A24C6AD2-EE47-4EB0-94F1-56579921FD04}.Debug|Any CPU.Build.0 = Debug|Any CPU
		{A24C6AD2-EE47-4EB0-94F1-56579921FD04}.Release|Any CPU.ActiveCfg = Release|Any CPU
		{A24C6AD2-EE47-4EB0-94F1-56579921FD04}.Release|Any CPU.Build.0 = Release|Any CPU
	EndGlobalSection
	GlobalSection(SolutionProperties) = preSolution
		HideSolutionNode = FALSE
	EndGlobalSection
	GlobalSection(ExtensibilityGlobals) = postSolution
		SolutionGuid = {456BBA4A-6462-487B-8347-D1C7E48AA680}
	EndGlobalSection
EndGlobal
