
Microsoft Visual Studio Solution File, Format Version 12.00
# Visual Studio 15
VisualStudioVersion = 15.0.28010.2050
MinimumVisualStudioVersion = 10.0.40219.1
Project("{FAE04EC0-301F-11D3-BF4B-00C04F79EFBC}") = "IndexerTest", "IndexerTest\IndexerTest.csproj", "{FDF04256-D5CD-447E-913B-21C98C835569}"
EndProject
Project("{FAE04EC0-301F-11D3-BF4B-00C04F79EFBC}") = "Animation", "Animation\Animation.csproj", "{D08AD31C-7263-42BA-A4BB-1D7AA4BF3C6F}"
EndProject
Project("{FAE04EC0-301F-11D3-BF4B-00C04F79EFBC}") = "DayCollection", "DayCollection\DayCollection.csproj", "{0682D0DB-8822-4D3E-8CA8-65F1BF3DDA21}"
EndProject
Project("{FAE04EC0-301F-11D3-BF4B-00C04F79EFBC}") = "DataStore", "DataStore\DataStore.csproj", "{886E31DB-7DFC-498E-9796-779FA26BF75E}"
EndProject
Project("{FAE04EC0-301F-11D3-BF4B-00C04F79EFBC}") = "No2", "No2\No2.csproj", "{AD86B021-AC82-45F6-A11B-903D09EE728C}"
EndProject
Global
	GlobalSection(SolutionConfigurationPlatforms) = preSolution
		Debug|Any CPU = Debug|Any CPU
		Release|Any CPU = Release|Any CPU
	EndGlobalSection
	GlobalSection(ProjectConfigurationPlatforms) = postSolution
		{FDF04256-D5CD-447E-913B-21C98C835569}.Debug|Any CPU.ActiveCfg = Debug|Any CPU
		{FDF04256-D5CD-447E-913B-21C98C835569}.Debug|Any CPU.Build.0 = Debug|Any CPU
		{FDF04256-D5CD-447E-913B-21C98C835569}.Release|Any CPU.ActiveCfg = Release|Any CPU
		{FDF04256-D5CD-447E-913B-21C98C835569}.Release|Any CPU.Build.0 = Release|Any CPU
		{D08AD31C-7263-42BA-A4BB-1D7AA4BF3C6F}.Debug|Any CPU.ActiveCfg = Debug|Any CPU
		{D08AD31C-7263-42BA-A4BB-1D7AA4BF3C6F}.Debug|Any CPU.Build.0 = Debug|Any CPU
		{D08AD31C-7263-42BA-A4BB-1D7AA4BF3C6F}.Release|Any CPU.ActiveCfg = Release|Any CPU
		{D08AD31C-7263-42BA-A4BB-1D7AA4BF3C6F}.Release|Any CPU.Build.0 = Release|Any CPU
		{0682D0DB-8822-4D3E-8CA8-65F1BF3DDA21}.Debug|Any CPU.ActiveCfg = Debug|Any CPU
		{0682D0DB-8822-4D3E-8CA8-65F1BF3DDA21}.Debug|Any CPU.Build.0 = Debug|Any CPU
		{0682D0DB-8822-4D3E-8CA8-65F1BF3DDA21}.Release|Any CPU.ActiveCfg = Release|Any CPU
		{0682D0DB-8822-4D3E-8CA8-65F1BF3DDA21}.Release|Any CPU.Build.0 = Release|Any CPU
		{886E31DB-7DFC-498E-9796-779FA26BF75E}.Debug|Any CPU.ActiveCfg = Debug|Any CPU
		{886E31DB-7DFC-498E-9796-779FA26BF75E}.Debug|Any CPU.Build.0 = Debug|Any CPU
		{886E31DB-7DFC-498E-9796-779FA26BF75E}.Release|Any CPU.ActiveCfg = Release|Any CPU
		{886E31DB-7DFC-498E-9796-779FA26BF75E}.Release|Any CPU.Build.0 = Release|Any CPU
		{AD86B021-AC82-45F6-A11B-903D09EE728C}.Debug|Any CPU.ActiveCfg = Debug|Any CPU
		{AD86B021-AC82-45F6-A11B-903D09EE728C}.Debug|Any CPU.Build.0 = Debug|Any CPU
		{AD86B021-AC82-45F6-A11B-903D09EE728C}.Release|Any CPU.ActiveCfg = Release|Any CPU
		{AD86B021-AC82-45F6-A11B-903D09EE728C}.Release|Any CPU.Build.0 = Release|Any CPU
	EndGlobalSection
	GlobalSection(SolutionProperties) = preSolution
		HideSolutionNode = FALSE
	EndGlobalSection
	GlobalSection(ExtensibilityGlobals) = postSolution
		SolutionGuid = {9B7CC160-C208-4F1F-8FBE-09EE2718DDCB}
	EndGlobalSection
EndGlobal
