
Microsoft Visual Studio Solution File, Format Version 12.00
# Visual Studio 15
VisualStudioVersion = 15.0.28010.2050
MinimumVisualStudioVersion = 10.0.40219.1
Project("{FAE04EC0-301F-11D3-BF4B-00C04F79EFBC}") = "WinForm", "WinForm\WinForm.csproj", "{3C6E2415-B75C-4EE1-BDBF-7F650E158660}"
EndProject
Global
	GlobalSection(SolutionConfigurationPlatforms) = preSolution
		Debug|Any CPU = Debug|Any CPU
		Release|Any CPU = Release|Any CPU
	EndGlobalSection
	GlobalSection(ProjectConfigurationPlatforms) = postSolution
		{3C6E2415-B75C-4EE1-BDBF-7F650E158660}.Debug|Any CPU.ActiveCfg = Debug|Any CPU
		{3C6E2415-B75C-4EE1-BDBF-7F650E158660}.Debug|Any CPU.Build.0 = Debug|Any CPU
		{3C6E2415-B75C-4EE1-BDBF-7F650E158660}.Release|Any CPU.ActiveCfg = Release|Any CPU
		{3C6E2415-B75C-4EE1-BDBF-7F650E158660}.Release|Any CPU.Build.0 = Release|Any CPU
	EndGlobalSection
	GlobalSection(SolutionProperties) = preSolution
		HideSolutionNode = FALSE
	EndGlobalSection
	GlobalSection(ExtensibilityGlobals) = postSolution
		SolutionGuid = {B85B04C6-FBF6-46C7-AF43-BE87CB9C9154}
	EndGlobalSection
EndGlobal
