
Microsoft Visual Studio Solution File, Format Version 12.00
# Visual Studio 15
VisualStudioVersion = 15.0.28010.2050
MinimumVisualStudioVersion = 10.0.40219.1
Project("{FAE04EC0-301F-11D3-BF4B-00C04F79EFBC}") = "Property", "Property\Property.csproj", "{672E9322-463F-4680-B575-9D50730554F5}"
EndProject
Project("{FAE04EC0-301F-11D3-BF4B-00C04F79EFBC}") = "ex01", "ex01\ex01.csproj", "{7CCDECC3-75B5-4D94-AB7A-F7638CD530DB}"
EndProject
Global
	GlobalSection(SolutionConfigurationPlatforms) = preSolution
		Debug|Any CPU = Debug|Any CPU
		Release|Any CPU = Release|Any CPU
	EndGlobalSection
	GlobalSection(ProjectConfigurationPlatforms) = postSolution
		{672E9322-463F-4680-B575-9D50730554F5}.Debug|Any CPU.ActiveCfg = Debug|Any CPU
		{672E9322-463F-4680-B575-9D50730554F5}.Debug|Any CPU.Build.0 = Debug|Any CPU
		{672E9322-463F-4680-B575-9D50730554F5}.Release|Any CPU.ActiveCfg = Release|Any CPU
		{672E9322-463F-4680-B575-9D50730554F5}.Release|Any CPU.Build.0 = Release|Any CPU
		{7CCDECC3-75B5-4D94-AB7A-F7638CD530DB}.Debug|Any CPU.ActiveCfg = Debug|Any CPU
		{7CCDECC3-75B5-4D94-AB7A-F7638CD530DB}.Debug|Any CPU.Build.0 = Debug|Any CPU
		{7CCDECC3-75B5-4D94-AB7A-F7638CD530DB}.Release|Any CPU.ActiveCfg = Release|Any CPU
		{7CCDECC3-75B5-4D94-AB7A-F7638CD530DB}.Release|Any CPU.Build.0 = Release|Any CPU
	EndGlobalSection
	GlobalSection(SolutionProperties) = preSolution
		HideSolutionNode = FALSE
	EndGlobalSection
	GlobalSection(ExtensibilityGlobals) = postSolution
		SolutionGuid = {4699B71C-3A1B-4F86-94C8-E40F306EC035}
	EndGlobalSection
EndGlobal
