
Microsoft Visual Studio Solution File, Format Version 12.00
# Visual Studio 15
VisualStudioVersion = 15.0.28010.2050
MinimumVisualStudioVersion = 10.0.40219.1
Project("{FAE04EC0-301F-11D3-BF4B-00C04F79EFBC}") = "ADO.NET", "ADO.NET\ADO.NET.csproj", "{A470128A-DCE7-4ADF-919B-737EB6874E6B}"
EndProject
Project("{FAE04EC0-301F-11D3-BF4B-00C04F79EFBC}") = "Login", "Login\Login.csproj", "{96D4F653-9430-4200-B539-6823BE2E3B01}"
EndProject
Project("{FAE04EC0-301F-11D3-BF4B-00C04F79EFBC}") = "WindowsFormsApp1", "WindowsFormsApp1\WindowsFormsApp1.csproj", "{1C79E7C0-1945-431C-B6AF-B11761FD5AD4}"
EndProject
Global
	GlobalSection(SolutionConfigurationPlatforms) = preSolution
		Debug|Any CPU = Debug|Any CPU
		Release|Any CPU = Release|Any CPU
	EndGlobalSection
	GlobalSection(ProjectConfigurationPlatforms) = postSolution
		{A470128A-DCE7-4ADF-919B-737EB6874E6B}.Debug|Any CPU.ActiveCfg = Debug|Any CPU
		{A470128A-DCE7-4ADF-919B-737EB6874E6B}.Debug|Any CPU.Build.0 = Debug|Any CPU
		{A470128A-DCE7-4ADF-919B-737EB6874E6B}.Release|Any CPU.ActiveCfg = Release|Any CPU
		{A470128A-DCE7-4ADF-919B-737EB6874E6B}.Release|Any CPU.Build.0 = Release|Any CPU
		{96D4F653-9430-4200-B539-6823BE2E3B01}.Debug|Any CPU.ActiveCfg = Debug|Any CPU
		{96D4F653-9430-4200-B539-6823BE2E3B01}.Debug|Any CPU.Build.0 = Debug|Any CPU
		{96D4F653-9430-4200-B539-6823BE2E3B01}.Release|Any CPU.ActiveCfg = Release|Any CPU
		{96D4F653-9430-4200-B539-6823BE2E3B01}.Release|Any CPU.Build.0 = Release|Any CPU
		{1C79E7C0-1945-431C-B6AF-B11761FD5AD4}.Debug|Any CPU.ActiveCfg = Debug|Any CPU
		{1C79E7C0-1945-431C-B6AF-B11761FD5AD4}.Debug|Any CPU.Build.0 = Debug|Any CPU
		{1C79E7C0-1945-431C-B6AF-B11761FD5AD4}.Release|Any CPU.ActiveCfg = Release|Any CPU
		{1C79E7C0-1945-431C-B6AF-B11761FD5AD4}.Release|Any CPU.Build.0 = Release|Any CPU
	EndGlobalSection
	GlobalSection(SolutionProperties) = preSolution
		HideSolutionNode = FALSE
	EndGlobalSection
	GlobalSection(ExtensibilityGlobals) = postSolution
		SolutionGuid = {55290EE0-CF2D-4F91-B680-4361B2113373}
	EndGlobalSection
EndGlobal
