
Microsoft Visual Studio Solution File, Format Version 12.00
# Visual Studio 15
VisualStudioVersion = 15.0.28010.2050
MinimumVisualStudioVersion = 10.0.40219.1
Project("{FAE04EC0-301F-11D3-BF4B-00C04F79EFBC}") = "WinForm_TrackBar", "WinForm_TrackBar\WinForm_TrackBar.csproj", "{5E83E4DB-3EA3-4CE8-BE5C-0A2CDB2FD91A}"
EndProject
Project("{FAE04EC0-301F-11D3-BF4B-00C04F79EFBC}") = "Winform_Button", "Winform_Button\Winform_Button.csproj", "{78F75D11-D5E9-4981-8303-614AA802EEEF}"
EndProject
Project("{FAE04EC0-301F-11D3-BF4B-00C04F79EFBC}") = "WinForm_TrteeView", "WinForm_TrteeView\WinForm_TrteeView.csproj", "{2116A993-C9A4-413D-BF91-E576D99AB460}"
EndProject
Global
	GlobalSection(SolutionConfigurationPlatforms) = preSolution
		Debug|Any CPU = Debug|Any CPU
		Release|Any CPU = Release|Any CPU
	EndGlobalSection
	GlobalSection(ProjectConfigurationPlatforms) = postSolution
		{5E83E4DB-3EA3-4CE8-BE5C-0A2CDB2FD91A}.Debug|Any CPU.ActiveCfg = Debug|Any CPU
		{5E83E4DB-3EA3-4CE8-BE5C-0A2CDB2FD91A}.Debug|Any CPU.Build.0 = Debug|Any CPU
		{5E83E4DB-3EA3-4CE8-BE5C-0A2CDB2FD91A}.Release|Any CPU.ActiveCfg = Release|Any CPU
		{5E83E4DB-3EA3-4CE8-BE5C-0A2CDB2FD91A}.Release|Any CPU.Build.0 = Release|Any CPU
		{78F75D11-D5E9-4981-8303-614AA802EEEF}.Debug|Any CPU.ActiveCfg = Debug|Any CPU
		{78F75D11-D5E9-4981-8303-614AA802EEEF}.Debug|Any CPU.Build.0 = Debug|Any CPU
		{78F75D11-D5E9-4981-8303-614AA802EEEF}.Release|Any CPU.ActiveCfg = Release|Any CPU
		{78F75D11-D5E9-4981-8303-614AA802EEEF}.Release|Any CPU.Build.0 = Release|Any CPU
		{2116A993-C9A4-413D-BF91-E576D99AB460}.Debug|Any CPU.ActiveCfg = Debug|Any CPU
		{2116A993-C9A4-413D-BF91-E576D99AB460}.Debug|Any CPU.Build.0 = Debug|Any CPU
		{2116A993-C9A4-413D-BF91-E576D99AB460}.Release|Any CPU.ActiveCfg = Release|Any CPU
		{2116A993-C9A4-413D-BF91-E576D99AB460}.Release|Any CPU.Build.0 = Release|Any CPU
	EndGlobalSection
	GlobalSection(SolutionProperties) = preSolution
		HideSolutionNode = FALSE
	EndGlobalSection
	GlobalSection(ExtensibilityGlobals) = postSolution
		SolutionGuid = {2B94E3D9-2F03-466F-BD88-0AB89AFAD7AB}
	EndGlobalSection
EndGlobal
