
Microsoft Visual Studio Solution File, Format Version 12.00
# Visual Studio 15
VisualStudioVersion = 15.0.28010.2050
MinimumVisualStudioVersion = 10.0.40219.1
Project("{FAE04EC0-301F-11D3-BF4B-00C04F79EFBC}") = "ThreadInterrupt", "ThreadInterrupt\ThreadInterrupt.csproj", "{462626CE-AA68-4A10-94F7-4F55CAD847DC}"
EndProject
Project("{FAE04EC0-301F-11D3-BF4B-00C04F79EFBC}") = "ThreadTest2", "ThreadTest2\ThreadTest2.csproj", "{466F6B6F-D7A7-4501-8FD5-4A1C58FF51B8}"
EndProject
Project("{FAE04EC0-301F-11D3-BF4B-00C04F79EFBC}") = "EventWaitHandleSample", "EventWaitHandleSample\EventWaitHandleSample.csproj", "{A9FD55DA-F1E3-4840-946B-E41A7B488152}"
EndProject
Project("{FAE04EC0-301F-11D3-BF4B-00C04F79EFBC}") = "ConsoleApplication3", "ConsoleApplication3\ConsoleApplication3.csproj", "{3511A882-C15F-49AB-8A82-28798547FDF8}"
EndProject
Project("{FAE04EC0-301F-11D3-BF4B-00C04F79EFBC}") = "lock", "lock\lock.csproj", "{6330CD9F-D63D-4CBA-9E44-161D1CE2E8C8}"
EndProject
Global
	GlobalSection(SolutionConfigurationPlatforms) = preSolution
		Debug|Any CPU = Debug|Any CPU
		Release|Any CPU = Release|Any CPU
	EndGlobalSection
	GlobalSection(ProjectConfigurationPlatforms) = postSolution
		{462626CE-AA68-4A10-94F7-4F55CAD847DC}.Debug|Any CPU.ActiveCfg = Debug|Any CPU
		{462626CE-AA68-4A10-94F7-4F55CAD847DC}.Debug|Any CPU.Build.0 = Debug|Any CPU
		{462626CE-AA68-4A10-94F7-4F55CAD847DC}.Release|Any CPU.ActiveCfg = Release|Any CPU
		{462626CE-AA68-4A10-94F7-4F55CAD847DC}.Release|Any CPU.Build.0 = Release|Any CPU
		{466F6B6F-D7A7-4501-8FD5-4A1C58FF51B8}.Debug|Any CPU.ActiveCfg = Debug|Any CPU
		{466F6B6F-D7A7-4501-8FD5-4A1C58FF51B8}.Debug|Any CPU.Build.0 = Debug|Any CPU
		{466F6B6F-D7A7-4501-8FD5-4A1C58FF51B8}.Release|Any CPU.ActiveCfg = Release|Any CPU
		{466F6B6F-D7A7-4501-8FD5-4A1C58FF51B8}.Release|Any CPU.Build.0 = Release|Any CPU
		{A9FD55DA-F1E3-4840-946B-E41A7B488152}.Debug|Any CPU.ActiveCfg = Debug|Any CPU
		{A9FD55DA-F1E3-4840-946B-E41A7B488152}.Debug|Any CPU.Build.0 = Debug|Any CPU
		{A9FD55DA-F1E3-4840-946B-E41A7B488152}.Release|Any CPU.ActiveCfg = Release|Any CPU
		{A9FD55DA-F1E3-4840-946B-E41A7B488152}.Release|Any CPU.Build.0 = Release|Any CPU
		{3511A882-C15F-49AB-8A82-28798547FDF8}.Debug|Any CPU.ActiveCfg = Debug|Any CPU
		{3511A882-C15F-49AB-8A82-28798547FDF8}.Debug|Any CPU.Build.0 = Debug|Any CPU
		{3511A882-C15F-49AB-8A82-28798547FDF8}.Release|Any CPU.ActiveCfg = Release|Any CPU
		{3511A882-C15F-49AB-8A82-28798547FDF8}.Release|Any CPU.Build.0 = Release|Any CPU
		{6330CD9F-D63D-4CBA-9E44-161D1CE2E8C8}.Debug|Any CPU.ActiveCfg = Debug|Any CPU
		{6330CD9F-D63D-4CBA-9E44-161D1CE2E8C8}.Debug|Any CPU.Build.0 = Debug|Any CPU
		{6330CD9F-D63D-4CBA-9E44-161D1CE2E8C8}.Release|Any CPU.ActiveCfg = Release|Any CPU
		{6330CD9F-D63D-4CBA-9E44-161D1CE2E8C8}.Release|Any CPU.Build.0 = Release|Any CPU
	EndGlobalSection
	GlobalSection(SolutionProperties) = preSolution
		HideSolutionNode = FALSE
	EndGlobalSection
	GlobalSection(ExtensibilityGlobals) = postSolution
		SolutionGuid = {AC6A5D48-EE92-4854-AF0F-609383CE1E35}
	EndGlobalSection
EndGlobal
