
Microsoft Visual Studio Solution File, Format Version 12.00
# Visual Studio 15
VisualStudioVersion = 15.0.28010.2050
MinimumVisualStudioVersion = 10.0.40219.1
Project("{FAE04EC0-301F-11D3-BF4B-00C04F79EFBC}") = "Linq", "Linq\Linq.csproj", "{7BEFC996-A816-4C5E-B6BD-35939D85D813}"
EndProject
Global
	GlobalSection(SolutionConfigurationPlatforms) = preSolution
		Debug|Any CPU = Debug|Any CPU
		Release|Any CPU = Release|Any CPU
	EndGlobalSection
	GlobalSection(ProjectConfigurationPlatforms) = postSolution
		{7BEFC996-A816-4C5E-B6BD-35939D85D813}.Debug|Any CPU.ActiveCfg = Debug|Any CPU
		{7BEFC996-A816-4C5E-B6BD-35939D85D813}.Debug|Any CPU.Build.0 = Debug|Any CPU
		{7BEFC996-A816-4C5E-B6BD-35939D85D813}.Release|Any CPU.ActiveCfg = Release|Any CPU
		{7BEFC996-A816-4C5E-B6BD-35939D85D813}.Release|Any CPU.Build.0 = Release|Any CPU
	EndGlobalSection
	GlobalSection(SolutionProperties) = preSolution
		HideSolutionNode = FALSE
	EndGlobalSection
	GlobalSection(ExtensibilityGlobals) = postSolution
		SolutionGuid = {1E74B65B-03DA-44B9-AEC8-3B081260E854}
	EndGlobalSection
EndGlobal
