
Microsoft Visual Studio Solution File, Format Version 12.00
# Visual Studio 15
VisualStudioVersion = 15.0.28010.2050
MinimumVisualStudioVersion = 10.0.40219.1
Project("{FAE04EC0-301F-11D3-BF4B-00C04F79EFBC}") = "Event Delegate Lab", "Event Delegate Lab\Event Delegate Lab.csproj", "{76B2DDD4-C81E-4651-8FA7-3F2FD6A6DCAA}"
EndProject
Global
	GlobalSection(SolutionConfigurationPlatforms) = preSolution
		Debug|Any CPU = Debug|Any CPU
		Release|Any CPU = Release|Any CPU
	EndGlobalSection
	GlobalSection(ProjectConfigurationPlatforms) = postSolution
		{76B2DDD4-C81E-4651-8FA7-3F2FD6A6DCAA}.Debug|Any CPU.ActiveCfg = Debug|Any CPU
		{76B2DDD4-C81E-4651-8FA7-3F2FD6A6DCAA}.Debug|Any CPU.Build.0 = Debug|Any CPU
		{76B2DDD4-C81E-4651-8FA7-3F2FD6A6DCAA}.Release|Any CPU.ActiveCfg = Release|Any CPU
		{76B2DDD4-C81E-4651-8FA7-3F2FD6A6DCAA}.Release|Any CPU.Build.0 = Release|Any CPU
	EndGlobalSection
	GlobalSection(SolutionProperties) = preSolution
		HideSolutionNode = FALSE
	EndGlobalSection
	GlobalSection(ExtensibilityGlobals) = postSolution
		SolutionGuid = {E5C0ECDE-3A46-427E-806C-8292F7382BE5}
	EndGlobalSection
EndGlobal
